" Generated by vim-plug
" mer 5 feb 2025, 09:59:50
" :source this file in vim to restore the snapshot
" or execute: vim -S snapshot.vim

silent! let g:plugs['coc.nvim'].commit = 'b45563656be26e518992ffede778f918dc443012'
silent! let g:plugs['fzf'].commit = 'bbe1721a1883426f639c1efe6afef1d3e6c25181'
silent! let g:plugs['onedark.vim'].commit = '390b893d361c356ac1b00778d849815f2aa44ae4'
silent! let g:plugs['tcomment_vim'].commit = '48ab639a461d9b8344f7fee06cb69b4374863b13'
silent! let g:plugs['traces.vim'].commit = '261602a6ee8d40d13522242ec5671456a230c17e'
silent! let g:plugs['vim-fugitive'].commit = 'b068eaf1e6cbe35d1ac100d435cd7f7b74a5c87d'
silent! let g:plugs['vim-sleuth'].commit = 'be69bff86754b1aa5adcbb527d7fcd1635a84080'
silent! let g:plugs['vim-vue-plugin'].commit = '04c3fb20ed5096a983f71af204afba07cdfa6d6f'

PlugUpdate!

