" Generated by vim-plug
" mer 30 ott 2024, 00:39:20
" :source this file in vim to restore the snapshot
" or execute: vim -S snapshot.vim

silent! let g:plugs['coc.nvim'].commit = '57d488a06bdb34de89acef3c2f3e9ce609d632ed'
silent! let g:plugs['onedark.vim'].commit = '390b893d361c356ac1b00778d849815f2aa44ae4'
silent! let g:plugs['tcomment_vim'].commit = '48ab639a461d9b8344f7fee06cb69b4374863b13'
silent! let g:plugs['traces.vim'].commit = '9663fcf84de5776bee71b6c816c25ccb6ea11d1a'
silent! let g:plugs['vim-fern'].commit = '2cf57c60df508d15878e03c1e8fb12506384212a'
silent! let g:plugs['vim-fugitive'].commit = 'd4877e54cef67f5af4f950935b1ade19ed6b7370'
silent! let g:plugs['vim-resize-mode'].commit = '0f3997d1a57c43113979df1f5fda1925f55a219b'
silent! let g:plugs['vim-sleuth'].commit = 'be69bff86754b1aa5adcbb527d7fcd1635a84080'
silent! let g:plugs['vim-vue-plugin'].commit = '04c3fb20ed5096a983f71af204afba07cdfa6d6f'

PlugUpdate!
