" Generated by vim-plug
" ven 28 giu 2024, 14:00:11
" :source this file in vim to restore the snapshot
" or execute: vim -S snapshot.vim

silent! let g:plugs['ale'].commit = 'a0ad5f938ac0b7a1b74c45fa56529f3e3f3342e6'
silent! let g:plugs['asyncomplete-lsp.vim'].commit = 'cc5247bc268fb2c79d8b127bd772514554efb3ee'
silent! let g:plugs['asyncomplete.vim'].commit = '016590d2ca73cefe45712430e319a0ef004e2215'
silent! let g:plugs['onedark.vim'].commit = '57b77747694ea5676c3ca0eeaf9567dc499730c0'
silent! let g:plugs['traces.vim'].commit = '9663fcf84de5776bee71b6c816c25ccb6ea11d1a'
silent! let g:plugs['undotree'].commit = '56c684a805fe948936cda0d1b19505b84ad7e065'
silent! let g:plugs['vim-commentary'].commit = 'c4b8f52cbb7142ec239494e5a2c4a512f92c4d07'
silent! let g:plugs['vim-fugitive'].commit = 'd0c1a437536778bcc8174b7cb2ffdf98f611e6fe'
silent! let g:plugs['vim-gitgutter'].commit = 'e801371917e52805a4ceb1e93f55ed1fba712f82'
silent! let g:plugs['vim-lsp'].commit = 'a8f244a4e9527992acd89c578933ad1d3940d276'
silent! let g:plugs['vim-lsp-settings'].commit = '3debb34bf6fac8e1cb195d9e89a23b7ea98bee47'
silent! let g:plugs['vim-sleuth'].commit = '1cc4557420f215d02c4d2645a748a816c220e99b'
silent! let g:plugs['vsession'].commit = '96617854373c1e61628021ac7b781392b9c831c5'

PlugUpdate!

