" Generated by vim-plug
" gio 13 feb 2025, 12:58:06
" :source this file in vim to restore the snapshot
" or execute: vim -S snapshot.vim

silent! let g:plugs['cmp-buffer'].commit = '3022dbc9166796b644a841a02de8dd1cc1d311fa'
silent! let g:plugs['cmp-nvim-lsp'].commit = '99290b3ec1322070bcfb9e846450a46f6efa50f0'
silent! let g:plugs['cmp-nvim-lsp-signature-help'].commit = '031e6ba70b0ad5eee49fd2120ff7a2e325b17fa7'
silent! let g:plugs['fzf'].commit = '3347d6159156f2c3e269a54b7fb34aa905a3fd2d'
silent! let g:plugs['mason.nvim'].commit = 'e2f7f9044ec30067bc11800a9e266664b88cda22'
silent! let g:plugs['nvim-cmp'].commit = '12509903a5723a876abd65953109f926f4634c30'
silent! let g:plugs['nvim-lspconfig'].commit = '6c17f8656f667727b27f5f598463afedb7791b18'
silent! let g:plugs['nvim-treesitter'].commit = '6d957c22cb48a734b009a69d03c18d20042c4754'
silent! let g:plugs['onedark.nvim'].commit = '67a74c275d1116d575ab25485d1bfa6b2a9c38a6'
silent! let g:plugs['tcomment_vim'].commit = '48ab639a461d9b8344f7fee06cb69b4374863b13'
silent! let g:plugs['vim-fugitive'].commit = 'b068eaf1e6cbe35d1ac100d435cd7f7b74a5c87d'
silent! let g:plugs['vim-gitgutter'].commit = '7b0b5098e3e57be86bb96cfbf2b8902381eef57c'
silent! let g:plugs['vim-sleuth'].commit = 'be69bff86754b1aa5adcbb527d7fcd1635a84080'

PlugUpdate!

