" Generated by vim-plug
" ven 14 feb 2025, 11:18:50
" :source this file in vim to restore the snapshot
" or execute: vim -S snapshot.vim

silent! let g:plugs['fzf'].commit = 'ac32fbb3b2d58a7ba61a9a8b1c09420dc4870199'
silent! let g:plugs['mason-lspconfig.nvim'].commit = 'a8e6efcf623b86bae6d2223eede7c43883329f80'
silent! let g:plugs['mason.nvim'].commit = 'e2f7f9044ec30067bc11800a9e266664b88cda22'
silent! let g:plugs['mini.completion'].commit = '089f581c6bd7bca606a311a013843ad32ee6fa35'
silent! let g:plugs['nvim-lspconfig'].commit = '31226f6736a8150e323b346e4748e3c9bdd6bef5'
silent! let g:plugs['nvim-treesitter'].commit = '80e6de9d24eec68d82d5f4e6feae94c9c753ebd6'
silent! let g:plugs['onedark.nvim'].commit = '67a74c275d1116d575ab25485d1bfa6b2a9c38a6'
silent! let g:plugs['tcomment_vim'].commit = '48ab639a461d9b8344f7fee06cb69b4374863b13'
silent! let g:plugs['vim-fugitive'].commit = 'b068eaf1e6cbe35d1ac100d435cd7f7b74a5c87d'
silent! let g:plugs['vim-gitgutter'].commit = '7b0b5098e3e57be86bb96cfbf2b8902381eef57c'
silent! let g:plugs['vim-sleuth'].commit = 'be69bff86754b1aa5adcbb527d7fcd1635a84080'

PlugUpdate!

